
Microsoft Visual Studio Solution File, Format Version 12.00
# Visual Studio Version 17
VisualStudioVersion = 17.6.33723.286
MinimumVisualStudioVersion = 10.0.40219.1
Project("{9A19103F-16F7-4668-BE54-9A1E7A4F7556}") = "AsyncClient_004_+FIX", "AsyncClient_004\AsyncClient_004_+FIX.csproj", "{966C0216-6653-4DBA-A72C-54E8FC238814}"
EndProject
Project("{9A19103F-16F7-4668-BE54-9A1E7A4F7556}") = "AsyncServer_005", "AsyncServer_005\AsyncServer_005.csproj", "{587639CA-C48D-4316-85EA-4051B1E6F4AE}"
EndProject
Project("{9A19103F-16F7-4668-BE54-9A1E7A4F7556}") = "MessageServer", "MessageServer\MessageServer.csproj", "{18BC85D0-F136-47AD-94F0-AD7513B34AB5}"
EndProject
Project("{9A19103F-16F7-4668-BE54-9A1E7A4F7556}") = "ConsoleClientForTest", "ConsoleClientForTest\ConsoleClientForTest.csproj", "{54944864-DCD6-4C19-8772-33EA66C6E9DC}"
EndProject
Project("{FAE04EC0-301F-11D3-BF4B-00C04F79EFBC}") = "WinForms__Client", "WinForms__Client\WinForms__Client.csproj", "{2FE1460C-C932-424E-82CC-F2ECB708EBD4}"
EndProject
Global
	GlobalSection(SolutionConfigurationPlatforms) = preSolution
		Debug|Any CPU = Debug|Any CPU
		Release|Any CPU = Release|Any CPU
	EndGlobalSection
	GlobalSection(ProjectConfigurationPlatforms) = postSolution
		{966C0216-6653-4DBA-A72C-54E8FC238814}.Debug|Any CPU.ActiveCfg = Debug|Any CPU
		{966C0216-6653-4DBA-A72C-54E8FC238814}.Debug|Any CPU.Build.0 = Debug|Any CPU
		{966C0216-6653-4DBA-A72C-54E8FC238814}.Release|Any CPU.ActiveCfg = Release|Any CPU
		{966C0216-6653-4DBA-A72C-54E8FC238814}.Release|Any CPU.Build.0 = Release|Any CPU
		{587639CA-C48D-4316-85EA-4051B1E6F4AE}.Debug|Any CPU.ActiveCfg = Debug|Any CPU
		{587639CA-C48D-4316-85EA-4051B1E6F4AE}.Debug|Any CPU.Build.0 = Debug|Any CPU
		{587639CA-C48D-4316-85EA-4051B1E6F4AE}.Release|Any CPU.ActiveCfg = Release|Any CPU
		{587639CA-C48D-4316-85EA-4051B1E6F4AE}.Release|Any CPU.Build.0 = Release|Any CPU
		{18BC85D0-F136-47AD-94F0-AD7513B34AB5}.Debug|Any CPU.ActiveCfg = Debug|Any CPU
		{18BC85D0-F136-47AD-94F0-AD7513B34AB5}.Debug|Any CPU.Build.0 = Debug|Any CPU
		{18BC85D0-F136-47AD-94F0-AD7513B34AB5}.Release|Any CPU.ActiveCfg = Release|Any CPU
		{18BC85D0-F136-47AD-94F0-AD7513B34AB5}.Release|Any CPU.Build.0 = Release|Any CPU
		{54944864-DCD6-4C19-8772-33EA66C6E9DC}.Debug|Any CPU.ActiveCfg = Debug|Any CPU
		{54944864-DCD6-4C19-8772-33EA66C6E9DC}.Debug|Any CPU.Build.0 = Debug|Any CPU
		{54944864-DCD6-4C19-8772-33EA66C6E9DC}.Release|Any CPU.ActiveCfg = Release|Any CPU
		{54944864-DCD6-4C19-8772-33EA66C6E9DC}.Release|Any CPU.Build.0 = Release|Any CPU
		{2FE1460C-C932-424E-82CC-F2ECB708EBD4}.Debug|Any CPU.ActiveCfg = Debug|Any CPU
		{2FE1460C-C932-424E-82CC-F2ECB708EBD4}.Debug|Any CPU.Build.0 = Debug|Any CPU
		{2FE1460C-C932-424E-82CC-F2ECB708EBD4}.Release|Any CPU.ActiveCfg = Release|Any CPU
		{2FE1460C-C932-424E-82CC-F2ECB708EBD4}.Release|Any CPU.Build.0 = Release|Any CPU
	EndGlobalSection
	GlobalSection(SolutionProperties) = preSolution
		HideSolutionNode = FALSE
	EndGlobalSection
	GlobalSection(ExtensibilityGlobals) = postSolution
		SolutionGuid = {6661EC9F-BB77-4E5F-A06E-108783691F89}
	EndGlobalSection
EndGlobal
